
Microsoft Visual Studio Solution File, Format Version 12.00
# Visual Studio Version 17
VisualStudioVersion = 17.3.32929.385
MinimumVisualStudioVersion = 10.0.40219.1
Project("{FAE04EC0-301F-11D3-BF4B-00C04F79EFBC}") = "SubarrayWithGivenSum", "SubarrayWithGivenSum.csproj", "{C8DB8961-C3EB-4EB1-AC27-3A9DBE2C15FD}"
EndProject
Global
	GlobalSection(SolutionConfigurationPlatforms) = preSolution
		Debug|Any CPU = Debug|Any CPU
		Release|Any CPU = Release|Any CPU
	EndGlobalSection
	GlobalSection(ProjectConfigurationPlatforms) = postSolution
		{C8DB8961-C3EB-4EB1-AC27-3A9DBE2C15FD}.Debug|Any CPU.ActiveCfg = Debug|Any CPU
		{C8DB8961-C3EB-4EB1-AC27-3A9DBE2C15FD}.Debug|Any CPU.Build.0 = Debug|Any CPU
		{C8DB8961-C3EB-4EB1-AC27-3A9DBE2C15FD}.Release|Any CPU.ActiveCfg = Release|Any CPU
		{C8DB8961-C3EB-4EB1-AC27-3A9DBE2C15FD}.Release|Any CPU.Build.0 = Release|Any CPU
	EndGlobalSection
	GlobalSection(SolutionProperties) = preSolution
		HideSolutionNode = FALSE
	EndGlobalSection
	GlobalSection(ExtensibilityGlobals) = postSolution
		SolutionGuid = {83A13939-D72F-4EE1-9252-3F5C8D3507B3}
	EndGlobalSection
EndGlobal
